
Microsoft Visual Studio Solution File, Format Version 12.00
# Visual Studio 2013
VisualStudioVersion = 12.0.31101.0
MinimumVisualStudioVersion = 10.0.40219.1
Project("{FAE04EC0-301F-11D3-BF4B-00C04F79EFBC}") = "FilmScanner", "FilmScanner\FilmScanner.csproj", "{EE93BE4C-0984-496B-8895-639CA98DFD92}"
EndProject
Project("{FAE04EC0-301F-11D3-BF4B-00C04F79EFBC}") = "FilmScanner.Test", "FilmScanner.Test\FilmScanner.Test.csproj", "{CF91A9B1-4D34-4F2F-A029-D89DF7E359DF}"
EndProject
Project("{FAE04EC0-301F-11D3-BF4B-00C04F79EFBC}") = "FilmScanner.UI", "FilmScanner.UI\FilmScanner.UI.csproj", "{46D4578A-ABE9-47A1-BC66-DB15A65F923F}"
EndProject
Project("{FAE04EC0-301F-11D3-BF4B-00C04F79EFBC}") = "FilmScanner.Common", "FilmScanner.Common\FilmScanner.Common.csproj", "{76AB1DA5-930E-4026-95F1-0AB7A3B1A1E1}"
EndProject
Global
	GlobalSection(SolutionConfigurationPlatforms) = preSolution
		Debug|Any CPU = Debug|Any CPU
		Release|Any CPU = Release|Any CPU
	EndGlobalSection
	GlobalSection(ProjectConfigurationPlatforms) = postSolution
		{EE93BE4C-0984-496B-8895-639CA98DFD92}.Debug|Any CPU.ActiveCfg = Debug|Any CPU
		{EE93BE4C-0984-496B-8895-639CA98DFD92}.Debug|Any CPU.Build.0 = Debug|Any CPU
		{EE93BE4C-0984-496B-8895-639CA98DFD92}.Release|Any CPU.ActiveCfg = Release|Any CPU
		{EE93BE4C-0984-496B-8895-639CA98DFD92}.Release|Any CPU.Build.0 = Release|Any CPU
		{CF91A9B1-4D34-4F2F-A029-D89DF7E359DF}.Debug|Any CPU.ActiveCfg = Debug|Any CPU
		{CF91A9B1-4D34-4F2F-A029-D89DF7E359DF}.Debug|Any CPU.Build.0 = Debug|Any CPU
		{CF91A9B1-4D34-4F2F-A029-D89DF7E359DF}.Release|Any CPU.ActiveCfg = Release|Any CPU
		{CF91A9B1-4D34-4F2F-A029-D89DF7E359DF}.Release|Any CPU.Build.0 = Release|Any CPU
		{46D4578A-ABE9-47A1-BC66-DB15A65F923F}.Debug|Any CPU.ActiveCfg = Debug|Any CPU
		{46D4578A-ABE9-47A1-BC66-DB15A65F923F}.Debug|Any CPU.Build.0 = Debug|Any CPU
		{46D4578A-ABE9-47A1-BC66-DB15A65F923F}.Release|Any CPU.ActiveCfg = Release|Any CPU
		{46D4578A-ABE9-47A1-BC66-DB15A65F923F}.Release|Any CPU.Build.0 = Release|Any CPU
		{76AB1DA5-930E-4026-95F1-0AB7A3B1A1E1}.Debug|Any CPU.ActiveCfg = Debug|Any CPU
		{76AB1DA5-930E-4026-95F1-0AB7A3B1A1E1}.Debug|Any CPU.Build.0 = Debug|Any CPU
		{76AB1DA5-930E-4026-95F1-0AB7A3B1A1E1}.Release|Any CPU.ActiveCfg = Release|Any CPU
		{76AB1DA5-930E-4026-95F1-0AB7A3B1A1E1}.Release|Any CPU.Build.0 = Release|Any CPU
	EndGlobalSection
	GlobalSection(SolutionProperties) = preSolution
		HideSolutionNode = FALSE
	EndGlobalSection
EndGlobal
