
Microsoft Visual Studio Solution File, Format Version 12.00
# Visual Studio 14
VisualStudioVersion = 14.0.23107.0
MinimumVisualStudioVersion = 10.0.40219.1
Project("{FAE04EC0-301F-11D3-BF4B-00C04F79EFBC}") = "FilmScanner", "FilmScanner\FilmScanner.csproj", "{EE93BE4C-0984-496B-8895-639CA98DFD92}"
EndProject
Project("{FAE04EC0-301F-11D3-BF4B-00C04F79EFBC}") = "FilmScanner.Test", "FilmScanner.Test\FilmScanner.Test.csproj", "{CF91A9B1-4D34-4F2F-A029-D89DF7E359DF}"
EndProject
Global
	GlobalSection(SolutionConfigurationPlatforms) = preSolution
		Debug|Any CPU = Debug|Any CPU
		Release|Any CPU = Release|Any CPU
	EndGlobalSection
	GlobalSection(ProjectConfigurationPlatforms) = postSolution
		{EE93BE4C-0984-496B-8895-639CA98DFD92}.Debug|Any CPU.ActiveCfg = Debug|Any CPU
		{EE93BE4C-0984-496B-8895-639CA98DFD92}.Debug|Any CPU.Build.0 = Debug|Any CPU
		{EE93BE4C-0984-496B-8895-639CA98DFD92}.Release|Any CPU.ActiveCfg = Release|Any CPU
		{EE93BE4C-0984-496B-8895-639CA98DFD92}.Release|Any CPU.Build.0 = Release|Any CPU
		{CF91A9B1-4D34-4F2F-A029-D89DF7E359DF}.Debug|Any CPU.ActiveCfg = Debug|Any CPU
		{CF91A9B1-4D34-4F2F-A029-D89DF7E359DF}.Debug|Any CPU.Build.0 = Debug|Any CPU
		{CF91A9B1-4D34-4F2F-A029-D89DF7E359DF}.Release|Any CPU.ActiveCfg = Release|Any CPU
		{CF91A9B1-4D34-4F2F-A029-D89DF7E359DF}.Release|Any CPU.Build.0 = Release|Any CPU
	EndGlobalSection
	GlobalSection(SolutionProperties) = preSolution
		HideSolutionNode = FALSE
	EndGlobalSection
EndGlobal
